{
  "requires": true,
  "lockfileVersion": 1,
  "dependencies": {
    "@egjs/hammerjs": {
      "version": "2.0.17",
      "resolved": "https://registry.npmjs.org/@egjs/hammerjs/-/hammerjs-2.0.17.tgz",
      "integrity": "sha512-XQsZgjm2EcVUiZQf11UBJQfmZeEmOW8DpI1gsFeln6w0ae0ii4dMQEQ0kjl6DspdWX1aGY1/loyXnP0JS06e/A==",
      "requires": {
        "@types/hammerjs": "^2.0.36"
      }
    },
    "@react-navigation/core": {
      "version": "5.2.1",
      "resolved": "https://registry.npmjs.org/@react-navigation/core/-/core-5.2.1.tgz",
      "integrity": "sha512-fRezZDtVFMfPtCkFUXFZlhrtECXuuFE9t2LnSyZdm3hZXBf7Gp6KvcMrlzAVXC/n8YCDSqhtDYz7EbF2gX6DJg==",
      "requires": {
        "@react-navigation/routers": "^5.1.0",
        "escape-string-regexp": "^2.0.0",
        "query-string": "^6.10.1",
        "react-is": "^16.12.0",
        "shortid": "^2.2.15",
        "use-subscription": "^1.3.0"
      }
    },
    "@react-navigation/native": {
      "version": "5.0.9",
      "resolved": "https://registry.npmjs.org/@react-navigation/native/-/native-5.0.9.tgz",
      "integrity": "sha512-iiCBWKv5zQ/PdvGhUEqMyDU30KK8PL2yXIG0j0CCTXriwRebJ1GPhBtfJdDFkSzzFt9Mhxgmok/+GJV8HqvJqA==",
      "requires": {
        "@react-navigation/core": "^5.2.1"
      }
    },
    "@react-navigation/routers": {
      "version": "5.1.0",
      "resolved": "https://registry.npmjs.org/@react-navigation/routers/-/routers-5.1.0.tgz",
      "integrity": "sha512-sY+eCIcWheflQIfGMSnWomnjP8d+7ZPmH1dKZ1pRezTqLWVlCFntQfQSr2FfM5LLVWty4gZ/K9D+o6UT4ntc3w==",
      "requires": {
        "shortid": "^2.2.15"
      }
    },
    "@react-navigation/stack": {
      "version": "5.1.1",
      "resolved": "https://registry.npmjs.org/@react-navigation/stack/-/stack-5.1.1.tgz",
      "integrity": "sha512-tQV4SNESAeqViItGFT8bLrCGWxYfSjw4uXGrCokzSBOMtrdUwINwXDqo40LZt/KZOT0kVN6MdzHq57ILB1LsGA==",
      "requires": {
        "color": "^3.1.2",
        "react-native-iphone-x-helper": "^1.2.1"
      }
    },
    "@types/hammerjs": {
      "version": "2.0.36",
      "resolved": "https://registry.npmjs.org/@types/hammerjs/-/hammerjs-2.0.36.tgz",
      "integrity": "sha512-7TUK/k2/QGpEAv/BCwSHlYu3NXZhQ9ZwBYpzr9tjlPIL2C5BeGhH3DmVavRx3ZNyELX5TLC91JTz/cen6AAtIQ=="
    },
    "color": {
      "version": "3.1.2",
      "resolved": "https://registry.npmjs.org/color/-/color-3.1.2.tgz",
      "integrity": "sha512-vXTJhHebByxZn3lDvDJYw4lR5+uB3vuoHsuYA5AKuxRVn5wzzIfQKGLBmgdVRHKTJYeK5rvJcHnrd0Li49CFpg==",
      "requires": {
        "color-convert": "^1.9.1",
        "color-string": "^1.5.2"
      }
    },
    "color-convert": {
      "version": "1.9.3",
      "resolved": "https://registry.npmjs.org/color-convert/-/color-convert-1.9.3.tgz",
      "integrity": "sha512-QfAUtd+vFdAtFQcC8CCyYt1fYWxSqAiK2cSD6zDB8N3cpsEBAvRxp9zOGg6G/SHHJYAT88/az/IuDGALsNVbGg==",
      "requires": {
        "color-name": "1.1.3"
      }
    },
    "color-name": {
      "version": "1.1.3",
      "resolved": "https://registry.npmjs.org/color-name/-/color-name-1.1.3.tgz",
      "integrity": "sha1-p9BVi9icQveV3UIyj3QIMcpTvCU="
    },
    "color-string": {
      "version": "1.5.3",
      "resolved": "https://registry.npmjs.org/color-string/-/color-string-1.5.3.tgz",
      "integrity": "sha512-dC2C5qeWoYkxki5UAXapdjqO672AM4vZuPGRQfO8b5HKuKGBbKWpITyDYN7TOFKvRW7kOgAn3746clDBMDJyQw==",
      "requires": {
        "color-name": "^1.0.0",
        "simple-swizzle": "^0.2.2"
      }
    },
    "debounce": {
      "version": "1.2.0",
      "resolved": "https://registry.npmjs.org/debounce/-/debounce-1.2.0.tgz",
      "integrity": "sha512-mYtLl1xfZLi1m4RtQYlZgJUNQjl4ZxVnHzIR8nLLgi4q1YT8o/WM+MK/f8yfcc9s5Ir5zRaPZyZU6xs1Syoocg=="
    },
    "decode-uri-component": {
      "version": "0.2.0",
      "resolved": "https://registry.npmjs.org/decode-uri-component/-/decode-uri-component-0.2.0.tgz",
      "integrity": "sha1-6zkTMzRYd1y4TNGh+uBiEGu4dUU="
    },
    "escape-string-regexp": {
      "version": "2.0.0",
      "resolved": "https://registry.npmjs.org/escape-string-regexp/-/escape-string-regexp-2.0.0.tgz",
      "integrity": "sha512-UpzcLCXolUWcNu5HtVMHYdXJjArjsF9C0aNnquZYY4uW/Vu0miy5YoWvbV345HauVvcAUnpRuhMMcqTcGOY2+w=="
    },
    "hoist-non-react-statics": {
      "version": "2.5.5",
      "resolved": "https://registry.npmjs.org/hoist-non-react-statics/-/hoist-non-react-statics-2.5.5.tgz",
      "integrity": "sha512-rqcy4pJo55FTTLWt+bU8ukscqHeE/e9KWvsOW2b/a3afxQZhwkQdT1rPPCJ0rYXdj4vNcasY8zHTH+jF/qStxw=="
    },
    "invariant": {
      "version": "2.2.4",
      "resolved": "https://registry.npmjs.org/invariant/-/invariant-2.2.4.tgz",
      "integrity": "sha512-phJfQVBuaJM5raOpJjSfkiD6BpbCE4Ns//LaXl6wGYtUBY83nWS6Rf9tXm2e8VaK60JEjYldbPif/A2B1C2gNA==",
      "requires": {
        "loose-envify": "^1.0.0"
      }
    },
    "is-arrayish": {
      "version": "0.3.2",
      "resolved": "https://registry.npmjs.org/is-arrayish/-/is-arrayish-0.3.2.tgz",
      "integrity": "sha512-eVRqCvVlZbuw3GrM63ovNSNAeA1K16kaR/LRY/92w0zxQ5/1YzwblUX652i4Xs9RwAGjW9d9y6X88t8OaAJfWQ=="
    },
    "js-tokens": {
      "version": "4.0.0",
      "resolved": "https://registry.npmjs.org/js-tokens/-/js-tokens-4.0.0.tgz",
      "integrity": "sha512-RdJUflcE3cUzKiMqQgsCu06FPu9UdIJO0beYbPhHN4k6apgJtifcoCtT9bcxOpYBtpD2kCM6Sbzg4CausW/PKQ=="
    },
    "loose-envify": {
      "version": "1.4.0",
      "resolved": "https://registry.npmjs.org/loose-envify/-/loose-envify-1.4.0.tgz",
      "integrity": "sha512-lyuxPGr/Wfhrlem2CL/UcnUc1zcqKAImBDzukY7Y5F/yQiNdko6+fRLevlw1HgMySw7f611UIY408EtxRSoK3Q==",
      "requires": {
        "js-tokens": "^3.0.0 || ^4.0.0"
      }
    },
    "nanoid": {
      "version": "2.1.11",
      "resolved": "https://registry.npmjs.org/nanoid/-/nanoid-2.1.11.tgz",
      "integrity": "sha512-s/snB+WGm6uwi0WjsZdaVcuf3KJXlfGl2LcxgwkEwJF0D/BWzVWAZW/XY4bFaiR7s0Jk3FPvlnepg1H1b1UwlA=="
    },
    "object-assign": {
      "version": "4.1.1",
      "resolved": "https://registry.npmjs.org/object-assign/-/object-assign-4.1.1.tgz",
      "integrity": "sha1-IQmtx5ZYh8/AXLvUQsrIv7s2CGM="
    },
    "prop-types": {
      "version": "15.7.2",
      "resolved": "https://registry.npmjs.org/prop-types/-/prop-types-15.7.2.tgz",
      "integrity": "sha512-8QQikdH7//R2vurIJSutZ1smHYTcLpRWEOlHnzcWHmBYrOGUysKwSsrC89BCiFj3CbrfJ/nXFdJepOVrY1GCHQ==",
      "requires": {
        "loose-envify": "^1.4.0",
        "object-assign": "^4.1.1",
        "react-is": "^16.8.1"
      }
    },
    "query-string": {
      "version": "6.11.1",
      "resolved": "https://registry.npmjs.org/query-string/-/query-string-6.11.1.tgz",
      "integrity": "sha512-1ZvJOUl8ifkkBxu2ByVM/8GijMIPx+cef7u3yroO3Ogm4DOdZcF5dcrWTIlSHe3Pg/mtlt6/eFjObDfJureZZA==",
      "requires": {
        "decode-uri-component": "^0.2.0",
        "split-on-first": "^1.0.0",
        "strict-uri-encode": "^2.0.0"
      }
    },
    "react-is": {
      "version": "16.13.0",
      "resolved": "https://registry.npmjs.org/react-is/-/react-is-16.13.0.tgz",
      "integrity": "sha512-GFMtL0vHkiBv9HluwNZTggSn/sCyEt9n02aM0dSAjGGyqyNlAyftYm4phPxdvCigG15JreC5biwxCgTAJZ7yAA=="
    },
    "react-native-gesture-handler": {
      "version": "1.6.0",
      "resolved": "https://registry.npmjs.org/react-native-gesture-handler/-/react-native-gesture-handler-1.6.0.tgz",
      "integrity": "sha512-KulGCWKTxa6xBpPP4LWEPmmLqBqOe2jbtdlILOVF/dR4EgImiaBVrKdOHeRMyMzJOYAWxs5uDZsyA8hgSsm+lw==",
      "requires": {
        "@egjs/hammerjs": "^2.0.17",
        "hoist-non-react-statics": "^2.3.1",
        "invariant": "^2.2.4",
        "prop-types": "^15.7.2"
      }
    },
    "react-native-iphone-x-helper": {
      "version": "1.2.1",
      "resolved": "https://registry.npmjs.org/react-native-iphone-x-helper/-/react-native-iphone-x-helper-1.2.1.tgz",
      "integrity": "sha512-/VbpIEp8tSNNHIvstuA3Swx610whci1Zpc9mqNkqn14DkMbw+ORviln2u0XyHG1kPvvwTNGZY6QpeFwxYaSdbQ=="
    },
    "react-native-screens": {
      "version": "2.2.0",
      "resolved": "https://registry.npmjs.org/react-native-screens/-/react-native-screens-2.2.0.tgz",
      "integrity": "sha512-a0VzxOWot7F9B/GQyDSssBRd3jUJazFnTQS61IiyReWB6aHlFhf3Xz10jBRoURXy1EMCDCHgenmTVTkKHpKyqQ==",
      "requires": {
        "debounce": "^1.2.0"
      }
    },
    "shortid": {
      "version": "2.2.15",
      "resolved": "https://registry.npmjs.org/shortid/-/shortid-2.2.15.tgz",
      "integrity": "sha512-5EaCy2mx2Jgc/Fdn9uuDuNIIfWBpzY4XIlhoqtXF6qsf+/+SGZ+FxDdX/ZsMZiWupIWNqAEmiNY4RC+LSmCeOw==",
      "requires": {
        "nanoid": "^2.1.0"
      }
    },
    "simple-swizzle": {
      "version": "0.2.2",
      "resolved": "https://registry.npmjs.org/simple-swizzle/-/simple-swizzle-0.2.2.tgz",
      "integrity": "sha1-pNprY1/8zMoz9w0Xy5JZLeleVXo=",
      "requires": {
        "is-arrayish": "^0.3.1"
      }
    },
    "split-on-first": {
      "version": "1.1.0",
      "resolved": "https://registry.npmjs.org/split-on-first/-/split-on-first-1.1.0.tgz",
      "integrity": "sha512-43ZssAJaMusuKWL8sKUBQXHWOpq8d6CfN/u1p4gUzfJkM05C8rxTmYrkIPTXapZpORA6LkkzcUulJ8FqA7Uudw=="
    },
    "strict-uri-encode": {
      "version": "2.0.0",
      "resolved": "https://registry.npmjs.org/strict-uri-encode/-/strict-uri-encode-2.0.0.tgz",
      "integrity": "sha1-ucczDHBChi9rFC3CdLvMWGbONUY="
    },
    "use-subscription": {
      "version": "1.4.0",
      "resolved": "https://registry.npmjs.org/use-subscription/-/use-subscription-1.4.0.tgz",
      "integrity": "sha512-R7P7JWpeHp+dtEYsgDzIIgOmVqRfJjRjLOO0YIYk6twctUkUYe6Tz0pcabyTDGcMMRt9uMbFMfwBfxKHg9gCSw==",
      "requires": {
        "object-assign": "^4.1.1"
      }
    }
  }
}
